
Microsoft Visual Studio Solution File, Format Version 12.00
# Visual Studio Version 16
VisualStudioVersion = 16.0.29306.81
MinimumVisualStudioVersion = 10.0.40219.1
Project("{FAE04EC0-301F-11D3-BF4B-00C04F79EFBC}") = "BusTicketBookingSystem.Web", "BusTicketBookingSystem\BusTicketBookingSystem.Web.csproj", "{EEDDCE2F-9B1D-4D35-8A6A-960E3C546181}"
	ProjectSection(ProjectDependencies) = postProject
		{CFF428C1-1D21-45A8-A1E2-BCCDFBE7B696} = {CFF428C1-1D21-45A8-A1E2-BCCDFBE7B696}
	EndProjectSection
EndProject
Project("{FAE04EC0-301F-11D3-BF4B-00C04F79EFBC}") = "BusTicketBookingSystem.Web.Tests", "BusTicketBookingSystem.Tests\BusTicketBookingSystem.Web.Tests.csproj", "{D503AB7D-0811-4248-8C07-954F83655775}"
EndProject
Project("{FAE04EC0-301F-11D3-BF4B-00C04F79EFBC}") = "BusTicketBookingSystem.Entities", "BusTicketBookingSystem.Entities\BusTicketBookingSystem.Entities.csproj", "{5D96FCC2-5EE5-4ECD-ADDC-897AFDAD5911}"
EndProject
Project("{FAE04EC0-301F-11D3-BF4B-00C04F79EFBC}") = "BusTicketBookingSystem.Repository", "BusTicketBookingSystem.Repository\BusTicketBookingSystem.Repository.csproj", "{8087DDC3-DE24-4164-920D-6C13D0F69F71}"
EndProject
Project("{00D1A9C2-B5F0-4AF3-8072-F6C62B433612}") = "BusTicketBookingSystem.Database", "BusTicketBookingSystem.Database\BusTicketBookingSystem.Database.sqlproj", "{600F0FD2-02C0-487F-B4C9-601F94252D00}"
EndProject
Project("{FAE04EC0-301F-11D3-BF4B-00C04F79EFBC}") = "BusTicketBookingSystem.WCF", "BusTicketBookingSystem.WCF\BusTicketBookingSystem.WCF.csproj", "{CFF428C1-1D21-45A8-A1E2-BCCDFBE7B696}"
EndProject
Global
	GlobalSection(SolutionConfigurationPlatforms) = preSolution
		Debug|Any CPU = Debug|Any CPU
		Release|Any CPU = Release|Any CPU
	EndGlobalSection
	GlobalSection(ProjectConfigurationPlatforms) = postSolution
		{EEDDCE2F-9B1D-4D35-8A6A-960E3C546181}.Debug|Any CPU.ActiveCfg = Debug|Any CPU
		{EEDDCE2F-9B1D-4D35-8A6A-960E3C546181}.Debug|Any CPU.Build.0 = Debug|Any CPU
		{EEDDCE2F-9B1D-4D35-8A6A-960E3C546181}.Release|Any CPU.ActiveCfg = Release|Any CPU
		{EEDDCE2F-9B1D-4D35-8A6A-960E3C546181}.Release|Any CPU.Build.0 = Release|Any CPU
		{D503AB7D-0811-4248-8C07-954F83655775}.Debug|Any CPU.ActiveCfg = Debug|Any CPU
		{D503AB7D-0811-4248-8C07-954F83655775}.Debug|Any CPU.Build.0 = Debug|Any CPU
		{D503AB7D-0811-4248-8C07-954F83655775}.Release|Any CPU.ActiveCfg = Release|Any CPU
		{D503AB7D-0811-4248-8C07-954F83655775}.Release|Any CPU.Build.0 = Release|Any CPU
		{5D96FCC2-5EE5-4ECD-ADDC-897AFDAD5911}.Debug|Any CPU.ActiveCfg = Debug|Any CPU
		{5D96FCC2-5EE5-4ECD-ADDC-897AFDAD5911}.Debug|Any CPU.Build.0 = Debug|Any CPU
		{5D96FCC2-5EE5-4ECD-ADDC-897AFDAD5911}.Release|Any CPU.ActiveCfg = Release|Any CPU
		{5D96FCC2-5EE5-4ECD-ADDC-897AFDAD5911}.Release|Any CPU.Build.0 = Release|Any CPU
		{8087DDC3-DE24-4164-920D-6C13D0F69F71}.Debug|Any CPU.ActiveCfg = Debug|Any CPU
		{8087DDC3-DE24-4164-920D-6C13D0F69F71}.Debug|Any CPU.Build.0 = Debug|Any CPU
		{8087DDC3-DE24-4164-920D-6C13D0F69F71}.Release|Any CPU.ActiveCfg = Release|Any CPU
		{8087DDC3-DE24-4164-920D-6C13D0F69F71}.Release|Any CPU.Build.0 = Release|Any CPU
		{600F0FD2-02C0-487F-B4C9-601F94252D00}.Debug|Any CPU.ActiveCfg = Debug|Any CPU
		{600F0FD2-02C0-487F-B4C9-601F94252D00}.Debug|Any CPU.Build.0 = Debug|Any CPU
		{600F0FD2-02C0-487F-B4C9-601F94252D00}.Debug|Any CPU.Deploy.0 = Debug|Any CPU
		{600F0FD2-02C0-487F-B4C9-601F94252D00}.Release|Any CPU.ActiveCfg = Release|Any CPU
		{600F0FD2-02C0-487F-B4C9-601F94252D00}.Release|Any CPU.Build.0 = Release|Any CPU
		{600F0FD2-02C0-487F-B4C9-601F94252D00}.Release|Any CPU.Deploy.0 = Release|Any CPU
		{CFF428C1-1D21-45A8-A1E2-BCCDFBE7B696}.Debug|Any CPU.ActiveCfg = Debug|Any CPU
		{CFF428C1-1D21-45A8-A1E2-BCCDFBE7B696}.Debug|Any CPU.Build.0 = Debug|Any CPU
		{CFF428C1-1D21-45A8-A1E2-BCCDFBE7B696}.Release|Any CPU.ActiveCfg = Release|Any CPU
		{CFF428C1-1D21-45A8-A1E2-BCCDFBE7B696}.Release|Any CPU.Build.0 = Release|Any CPU
	EndGlobalSection
	GlobalSection(SolutionProperties) = preSolution
		HideSolutionNode = FALSE
	EndGlobalSection
	GlobalSection(ExtensibilityGlobals) = postSolution
		SolutionGuid = {3FD84850-EDDE-4EFC-AB84-FCB28B04FA8B}
	EndGlobalSection
EndGlobal
